
Microsoft Visual Studio Solution File, Format Version 12.00
# Visual Studio Version 16
VisualStudioVersion = 16.0.31424.327
MinimumVisualStudioVersion = 10.0.40219.1
Project("{FAE04EC0-301F-11D3-BF4B-00C04F79EFBC}") = "SimpleTextEditor", "SimpleTextEditor\SimpleTextEditor.csproj", "{86D94273-0D65-4D95-B3B9-8BEEDBEC590C}"
EndProject
Project("{FAE04EC0-301F-11D3-BF4B-00C04F79EFBC}") = "XMLParser", "XMLParser\XMLParser.csproj", "{38C157DA-0F6C-4A39-BB56-4D74A5DFF36D}"
EndProject
Project("{FAE04EC0-301F-11D3-BF4B-00C04F79EFBC}") = "JSONParser", "JSONParser\JSONParser.csproj", "{75F149B9-F0E3-4B1C-9E74-D2E55243DC1C}"
EndProject
Project("{FAE04EC0-301F-11D3-BF4B-00C04F79EFBC}") = "MySQLConnect", "MySQLConnect\MySQLConnect.csproj", "{0E4A44AD-1F7A-47D4-A8F4-F7D5E1A7F903}"
EndProject
Global
	GlobalSection(SolutionConfigurationPlatforms) = preSolution
		Debug|Any CPU = Debug|Any CPU
		Release|Any CPU = Release|Any CPU
	EndGlobalSection
	GlobalSection(ProjectConfigurationPlatforms) = postSolution
		{86D94273-0D65-4D95-B3B9-8BEEDBEC590C}.Debug|Any CPU.ActiveCfg = Debug|Any CPU
		{86D94273-0D65-4D95-B3B9-8BEEDBEC590C}.Debug|Any CPU.Build.0 = Debug|Any CPU
		{86D94273-0D65-4D95-B3B9-8BEEDBEC590C}.Release|Any CPU.ActiveCfg = Release|Any CPU
		{86D94273-0D65-4D95-B3B9-8BEEDBEC590C}.Release|Any CPU.Build.0 = Release|Any CPU
		{38C157DA-0F6C-4A39-BB56-4D74A5DFF36D}.Debug|Any CPU.ActiveCfg = Debug|Any CPU
		{38C157DA-0F6C-4A39-BB56-4D74A5DFF36D}.Debug|Any CPU.Build.0 = Debug|Any CPU
		{38C157DA-0F6C-4A39-BB56-4D74A5DFF36D}.Release|Any CPU.ActiveCfg = Release|Any CPU
		{38C157DA-0F6C-4A39-BB56-4D74A5DFF36D}.Release|Any CPU.Build.0 = Release|Any CPU
		{75F149B9-F0E3-4B1C-9E74-D2E55243DC1C}.Debug|Any CPU.ActiveCfg = Debug|Any CPU
		{75F149B9-F0E3-4B1C-9E74-D2E55243DC1C}.Debug|Any CPU.Build.0 = Debug|Any CPU
		{75F149B9-F0E3-4B1C-9E74-D2E55243DC1C}.Release|Any CPU.ActiveCfg = Release|Any CPU
		{75F149B9-F0E3-4B1C-9E74-D2E55243DC1C}.Release|Any CPU.Build.0 = Release|Any CPU
		{0E4A44AD-1F7A-47D4-A8F4-F7D5E1A7F903}.Debug|Any CPU.ActiveCfg = Debug|Any CPU
		{0E4A44AD-1F7A-47D4-A8F4-F7D5E1A7F903}.Debug|Any CPU.Build.0 = Debug|Any CPU
		{0E4A44AD-1F7A-47D4-A8F4-F7D5E1A7F903}.Release|Any CPU.ActiveCfg = Release|Any CPU
		{0E4A44AD-1F7A-47D4-A8F4-F7D5E1A7F903}.Release|Any CPU.Build.0 = Release|Any CPU
	EndGlobalSection
	GlobalSection(SolutionProperties) = preSolution
		HideSolutionNode = FALSE
	EndGlobalSection
	GlobalSection(ExtensibilityGlobals) = postSolution
		SolutionGuid = {CBB68AB7-7539-4FD0-BC75-C34EC72DDAE5}
	EndGlobalSection
EndGlobal
